
Microsoft Visual Studio Solution File, Format Version 12.00
# Visual Studio 15
VisualStudioVersion = 15.0.28307.757
MinimumVisualStudioVersion = 10.0.40219.1
Project("{FAE04EC0-301F-11D3-BF4B-00C04F79EFBC}") = "Leaf.AppService", "Leaf.AppService\Leaf.AppService.csproj", "{B0EE2037-7A8A-493B-97F0-F07F8B4C6A59}"
EndProject
Global
	GlobalSection(SolutionConfigurationPlatforms) = preSolution
		Debug|Any CPU = Debug|Any CPU
		Release|Any CPU = Release|Any CPU
	EndGlobalSection
	GlobalSection(ProjectConfigurationPlatforms) = postSolution
		{B0EE2037-7A8A-493B-97F0-F07F8B4C6A59}.Debug|Any CPU.ActiveCfg = Debug|Any CPU
		{B0EE2037-7A8A-493B-97F0-F07F8B4C6A59}.Debug|Any CPU.Build.0 = Debug|Any CPU
		{B0EE2037-7A8A-493B-97F0-F07F8B4C6A59}.Release|Any CPU.ActiveCfg = Release|Any CPU
		{B0EE2037-7A8A-493B-97F0-F07F8B4C6A59}.Release|Any CPU.Build.0 = Release|Any CPU
	EndGlobalSection
	GlobalSection(SolutionProperties) = preSolution
		HideSolutionNode = FALSE
	EndGlobalSection
	GlobalSection(ExtensibilityGlobals) = postSolution
		SolutionGuid = {4E788ACB-6A6F-443A-9CEC-D050725B7606}
	EndGlobalSection
EndGlobal
